// !$*UTF8*$!
{
	archiveVersion = 1;
	classes = {
	};
	objectVersion = 56;
	objects = {

/* Begin PBXBuildFile section */
		E574D8CA2C33040D0017136D /* Tudo_List_IosApp.swift in Sources */ = {isa = PBXBuildFile; fileRef = E574D8C92C33040D0017136D /* Tudo_List_IosApp.swift */; };
		E574D8CC2C33040D0017136D /* ContentView.swift in Sources */ = {isa = PBXBuildFile; fileRef = E574D8CB2C33040D0017136D /* ContentView.swift */; };
		E574D8CE2C33040E0017136D /* Assets.xcassets in Resources */ = {isa = PBXBuildFile; fileRef = E574D8CD2C33040E0017136D /* Assets.xcassets */; };
		E574D8D12C33040E0017136D /* Preview Assets.xcassets in Resources */ = {isa = PBXBuildFile; fileRef = E574D8D02C33040E0017136D /* Preview Assets.xcassets */; };
		E574D8DB2C33040E0017136D /* Tudo_List_IosTests.swift in Sources */ = {isa = PBXBuildFile; fileRef = E574D8DA2C33040E0017136D /* Tudo_List_IosTests.swift */; };
		E574D8E52C33040E0017136D /* Tudo_List_IosUITests.swift in Sources */ = {isa = PBXBuildFile; fileRef = E574D8E42C33040E0017136D /* Tudo_List_IosUITests.swift */; };
		E574D8E72C33040E0017136D /* Tudo_List_IosUITestsLaunchTests.swift in Sources */ = {isa = PBXBuildFile; fileRef = E574D8E62C33040E0017136D /* Tudo_List_IosUITestsLaunchTests.swift */; };
		E574D8F52C35C81E0017136D /* ToduModel.swift in Sources */ = {isa = PBXBuildFile; fileRef = E574D8F42C35C81E0017136D /* ToduModel.swift */; };
		E574D8FA2C35CA4C0017136D /* TudoViewModel.swift in Sources */ = {isa = PBXBuildFile; fileRef = E574D8F92C35CA4C0017136D /* TudoViewModel.swift */; };
/* End PBXBuildFile section */

/* Begin PBXContainerItemProxy section */
		E574D8D72C33040E0017136D /* PBXContainerItemProxy */ = {
			isa = PBXContainerItemProxy;
			containerPortal = E574D8BE2C33040C0017136D /* Project object */;
			proxyType = 1;
			remoteGlobalIDString = E574D8C52C33040D0017136D;
			remoteInfo = "Tudo List Ios";
		};
		E574D8E12C33040E0017136D /* PBXContainerItemProxy */ = {
			isa = PBXContainerItemProxy;
			containerPortal = E574D8BE2C33040C0017136D /* Project object */;
			proxyType = 1;
			remoteGlobalIDString = E574D8C52C33040D0017136D;
			remoteInfo = "Tudo List Ios";
		};
/* End PBXContainerItemProxy section */

/* Begin PBXFileReference section */
		E574D8C62C33040D0017136D /* Tudo List Ios.app */ = {isa = PBXFileReference; explicitFileType = wrapper.application; includeInIndex = 0; path = "Tudo List Ios.app"; sourceTree = BUILT_PRODUCTS_DIR; };
		E574D8C92C33040D0017136D /* Tudo_List_IosApp.swift */ = {isa = PBXFileReference; lastKnownFileType = sourcecode.swift; path = Tudo_List_IosApp.swift; sourceTree = "<group>"; };
		E574D8CB2C33040D0017136D /* ContentView.swift */ = {isa = PBXFileReference; lastKnownFileType = sourcecode.swift; path = ContentView.swift; sourceTree = "<group>"; };
		E574D8CD2C33040E0017136D /* Assets.xcassets */ = {isa = PBXFileReference; lastKnownFileType = folder.assetcatalog; path = Assets.xcassets; sourceTree = "<group>"; };
		E574D8D02C33040E0017136D /* Preview Assets.xcassets */ = {isa = PBXFileReference; lastKnownFileType = folder.assetcatalog; path = "Preview Assets.xcassets"; sourceTree = "<group>"; };
		E574D8D62C33040E0017136D /* Tudo List IosTests.xctest */ = {isa = PBXFileReference; explicitFileType = wrapper.cfbundle; includeInIndex = 0; path = "Tudo List IosTests.xctest"; sourceTree = BUILT_PRODUCTS_DIR; };
		E574D8DA2C33040E0017136D /* Tudo_List_IosTests.swift */ = {isa = PBXFileReference; lastKnownFileType = sourcecode.swift; path = Tudo_List_IosTests.swift; sourceTree = "<group>"; };
		E574D8E02C33040E0017136D /* Tudo List IosUITests.xctest */ = {isa = PBXFileReference; explicitFileType = wrapper.cfbundle; includeInIndex = 0; path = "Tudo List IosUITests.xctest"; sourceTree = BUILT_PRODUCTS_DIR; };
		E574D8E42C33040E0017136D /* Tudo_List_IosUITests.swift */ = {isa = PBXFileReference; lastKnownFileType = sourcecode.swift; path = Tudo_List_IosUITests.swift; sourceTree = "<group>"; };
		E574D8E62C33040E0017136D /* Tudo_List_IosUITestsLaunchTests.swift */ = {isa = PBXFileReference; lastKnownFileType = sourcecode.swift; path = Tudo_List_IosUITestsLaunchTests.swift; sourceTree = "<group>"; };
		E574D8F42C35C81E0017136D /* ToduModel.swift */ = {isa = PBXFileReference; lastKnownFileType = sourcecode.swift; path = ToduModel.swift; sourceTree = "<group>"; };
		E574D8F92C35CA4C0017136D /* TudoViewModel.swift */ = {isa = PBXFileReference; lastKnownFileType = sourcecode.swift; path = TudoViewModel.swift; sourceTree = "<group>"; };
/* End PBXFileReference section */

/* Begin PBXFrameworksBuildPhase section */
		E574D8C32C33040D0017136D /* Frameworks */ = {
			isa = PBXFrameworksBuildPhase;
			buildActionMask = 2147483647;
			files = (
			);
			runOnlyForDeploymentPostprocessing = 0;
		};
		E574D8D32C33040E0017136D /* Frameworks */ = {
			isa = PBXFrameworksBuildPhase;
			buildActionMask = 2147483647;
			files = (
			);
			runOnlyForDeploymentPostprocessing = 0;
		};
		E574D8DD2C33040E0017136D /* Frameworks */ = {
			isa = PBXFrameworksBuildPhase;
			buildActionMask = 2147483647;
			files = (
			);
			runOnlyForDeploymentPostprocessing = 0;
		};
/* End PBXFrameworksBuildPhase section */

/* Begin PBXGroup section */
		E574D8BD2C33040C0017136D = {
			isa = PBXGroup;
			children = (
				E574D8C82C33040D0017136D /* Tudo List Ios */,
				E574D8D92C33040E0017136D /* Tudo List IosTests */,
				E574D8E32C33040E0017136D /* Tudo List IosUITests */,
				E574D8C72C33040D0017136D /* Products */,
			);
			sourceTree = "<group>";
		};
		E574D8C72C33040D0017136D /* Products */ = {
			isa = PBXGroup;
			children = (
				E574D8C62C33040D0017136D /* Tudo List Ios.app */,
				E574D8D62C33040E0017136D /* Tudo List IosTests.xctest */,
				E574D8E02C33040E0017136D /* Tudo List IosUITests.xctest */,
			);
			name = Products;
			sourceTree = "<group>";
		};
		E574D8C82C33040D0017136D /* Tudo List Ios */ = {
			isa = PBXGroup;
			children = (
				E574D8F62C35CA1A0017136D /* ViewModel */,
				E574D8F32C35C7330017136D /* Model */,
				E574D8C92C33040D0017136D /* Tudo_List_IosApp.swift */,
				E574D8CB2C33040D0017136D /* ContentView.swift */,
				E574D8CD2C33040E0017136D /* Assets.xcassets */,
				E574D8CF2C33040E0017136D /* Preview Content */,
			);
			path = "Tudo List Ios";
			sourceTree = "<group>";
		};
		E574D8CF2C33040E0017136D /* Preview Content */ = {
			isa = PBXGroup;
			children = (
				E574D8D02C33040E0017136D /* Preview Assets.xcassets */,
			);
			path = "Preview Content";
			sourceTree = "<group>";
		};
		E574D8D92C33040E0017136D /* Tudo List IosTests */ = {
			isa = PBXGroup;
			children = (
				E574D8DA2C33040E0017136D /* Tudo_List_IosTests.swift */,
			);
			path = "Tudo List IosTests";
			sourceTree = "<group>";
		};
		E574D8E32C33040E0017136D /* Tudo List IosUITests */ = {
			isa = PBXGroup;
			children = (
				E574D8E42C33040E0017136D /* Tudo_List_IosUITests.swift */,
				E574D8E62C33040E0017136D /* Tudo_List_IosUITestsLaunchTests.swift */,
			);
			path = "Tudo List IosUITests";
			sourceTree = "<group>";
		};
		E574D8F32C35C7330017136D /* Model */ = {
			isa = PBXGroup;
			children = (
				E574D8F42C35C81E0017136D /* ToduModel.swift */,
			);
			path = Model;
			sourceTree = "<group>";
		};
		E574D8F62C35CA1A0017136D /* ViewModel */ = {
			isa = PBXGroup;
			children = (
				E574D8F92C35CA4C0017136D /* TudoViewModel.swift */,
			);
			path = ViewModel;
			sourceTree = "<group>";
		};
/* End PBXGroup section */

/* Begin PBXNativeTarget section */
		E574D8C52C33040D0017136D /* Tudo List Ios */ = {
			isa = PBXNativeTarget;
			buildConfigurationList = E574D8EA2C33040E0017136D /* Build configuration list for PBXNativeTarget "Tudo List Ios" */;
			buildPhases = (
				E574D8C22C33040D0017136D /* Sources */,
				E574D8C32C33040D0017136D /* Frameworks */,
				E574D8C42C33040D0017136D /* Resources */,
			);
			buildRules = (
			);
			dependencies = (
			);
			name = "Tudo List Ios";
			productName = "Tudo List Ios";
			productReference = E574D8C62C33040D0017136D /* Tudo List Ios.app */;
			productType = "com.apple.product-type.application";
		};
		E574D8D52C33040E0017136D /* Tudo List IosTests */ = {
			isa = PBXNativeTarget;
			buildConfigurationList = E574D8ED2C33040E0017136D /* Build configuration list for PBXNativeTarget "Tudo List IosTests" */;
			buildPhases = (
				E574D8D22C33040E0017136D /* Sources */,
				E574D8D32C33040E0017136D /* Frameworks */,
				E574D8D42C33040E0017136D /* Resources */,
			);
			buildRules = (
			);
			dependencies = (
				E574D8D82C33040E0017136D /* PBXTargetDependency */,
			);
			name = "Tudo List IosTests";
			productName = "Tudo List IosTests";
			productReference = E574D8D62C33040E0017136D /* Tudo List IosTests.xctest */;
			productType = "com.apple.product-type.bundle.unit-test";
		};
		E574D8DF2C33040E0017136D /* Tudo List IosUITests */ = {
			isa = PBXNativeTarget;
			buildConfigurationList = E574D8F02C33040E0017136D /* Build configuration list for PBXNativeTarget "Tudo List IosUITests" */;
			buildPhases = (
				E574D8DC2C33040E0017136D /* Sources */,
				E574D8DD2C33040E0017136D /* Frameworks */,
				E574D8DE2C33040E0017136D /* Resources */,
			);
			buildRules = (
			);
			dependencies = (
				E574D8E22C33040E0017136D /* PBXTargetDependency */,
			);
			name = "Tudo List IosUITests";
			productName = "Tudo List IosUITests";
			productReference = E574D8E02C33040E0017136D /* Tudo List IosUITests.xctest */;
			productType = "com.apple.product-type.bundle.ui-testing";
		};
/* End PBXNativeTarget section */

/* Begin PBXProject section */
		E574D8BE2C33040C0017136D /* Project object */ = {
			isa = PBXProject;
			attributes = {
				BuildIndependentTargetsInParallel = 1;
				LastSwiftUpdateCheck = 1540;
				LastUpgradeCheck = 1540;
				TargetAttributes = {
					E574D8C52C33040D0017136D = {
						CreatedOnToolsVersion = 15.4;
					};
					E574D8D52C33040E0017136D = {
						CreatedOnToolsVersion = 15.4;
						TestTargetID = E574D8C52C33040D0017136D;
					};
					E574D8DF2C33040E0017136D = {
						CreatedOnToolsVersion = 15.4;
						TestTargetID = E574D8C52C33040D0017136D;
					};
				};
			};
			buildConfigurationList = E574D8C12C33040C0017136D /* Build configuration list for PBXProject "Tudo List Ios" */;
			compatibilityVersion = "Xcode 14.0";
			developmentRegion = en;
			hasScannedForEncodings = 0;
			knownRegions = (
				en,
				Base,
			);
			mainGroup = E574D8BD2C33040C0017136D;
			productRefGroup = E574D8C72C33040D0017136D /* Products */;
			projectDirPath = "";
			projectRoot = "";
			targets = (
				E574D8C52C33040D0017136D /* Tudo List Ios */,
				E574D8D52C33040E0017136D /* Tudo List IosTests */,
				E574D8DF2C33040E0017136D /* Tudo List IosUITests */,
			);
		};
/* End PBXProject section */

/* Begin PBXResourcesBuildPhase section */
		E574D8C42C33040D0017136D /* Resources */ = {
			isa = PBXResourcesBuildPhase;
			buildActionMask = 2147483647;
			files = (
				E574D8D12C33040E0017136D /* Preview Assets.xcassets in Resources */,
				E574D8CE2C33040E0017136D /* Assets.xcassets in Resources */,
			);
			runOnlyForDeploymentPostprocessing = 0;
		};
		E574D8D42C33040E0017136D /* Resources */ = {
			isa = PBXResourcesBuildPhase;
			buildActionMask = 2147483647;
			files = (
			);
			runOnlyForDeploymentPostprocessing = 0;
		};
		E574D8DE2C33040E0017136D /* Resources */ = {
			isa = PBXResourcesBuildPhase;
			buildActionMask = 2147483647;
			files = (
			);
			runOnlyForDeploymentPostprocessing = 0;
		};
/* End PBXResourcesBuildPhase section */

/* Begin PBXSourcesBuildPhase section */
		E574D8C22C33040D0017136D /* Sources */ = {
			isa = PBXSourcesBuildPhase;
			buildActionMask = 2147483647;
			files = (
				E574D8CC2C33040D0017136D /* ContentView.swift in Sources */,
				E574D8F52C35C81E0017136D /* ToduModel.swift in Sources */,
				E574D8FA2C35CA4C0017136D /* TudoViewModel.swift in Sources */,
				E574D8CA2C33040D0017136D /* Tudo_List_IosApp.swift in Sources */,
			);
			runOnlyForDeploymentPostprocessing = 0;
		};
		E574D8D22C33040E0017136D /* Sources */ = {
			isa = PBXSourcesBuildPhase;
			buildActionMask = 2147483647;
			files = (
				E574D8DB2C33040E0017136D /* Tudo_List_IosTests.swift in Sources */,
			);
			runOnlyForDeploymentPostprocessing = 0;
		};
		E574D8DC2C33040E0017136D /* Sources */ = {
			isa = PBXSourcesBuildPhase;
			buildActionMask = 2147483647;
			files = (
				E574D8E72C33040E0017136D /* Tudo_List_IosUITestsLaunchTests.swift in Sources */,
				E574D8E52C33040E0017136D /* Tudo_List_IosUITests.swift in Sources */,
			);
			runOnlyForDeploymentPostprocessing = 0;
		};
/* End PBXSourcesBuildPhase section */

/* Begin PBXTargetDependency section */
		E574D8D82C33040E0017136D /* PBXTargetDependency */ = {
			isa = PBXTargetDependency;
			target = E574D8C52C33040D0017136D /* Tudo List Ios */;
			targetProxy = E574D8D72C33040E0017136D /* PBXContainerItemProxy */;
		};
		E574D8E22C33040E0017136D /* PBXTargetDependency */ = {
			isa = PBXTargetDependency;
			target = E574D8C52C33040D0017136D /* Tudo List Ios */;
			targetProxy = E574D8E12C33040E0017136D /* PBXContainerItemProxy */;
		};
/* End PBXTargetDependency section */

/* Begin XCBuildConfiguration section */
		E574D8E82C33040E0017136D /* Debug */ = {
			isa = XCBuildConfiguration;
			buildSettings = {
				ALWAYS_SEARCH_USER_PATHS = NO;
				ASSETCATALOG_COMPILER_GENERATE_SWIFT_ASSET_SYMBOL_EXTENSIONS = YES;
				CLANG_ANALYZER_NONNULL = YES;
				CLANG_ANALYZER_NUMBER_OBJECT_CONVERSION = YES_AGGRESSIVE;
				CLANG_CXX_LANGUAGE_STANDARD = "gnu++20";
				CLANG_ENABLE_MODULES = YES;
				CLANG_ENABLE_OBJC_ARC = YES;
				CLANG_ENABLE_OBJC_WEAK = YES;
				CLANG_WARN_BLOCK_CAPTURE_AUTORELEASING = YES;
				CLANG_WARN_BOOL_CONVERSION = YES;
				CLANG_WARN_COMMA = YES;
				CLANG_WARN_CONSTANT_CONVERSION = YES;
				CLANG_WARN_DEPRECATED_OBJC_IMPLEMENTATIONS = YES;
				CLANG_WARN_DIRECT_OBJC_ISA_USAGE = YES_ERROR;
				CLANG_WARN_DOCUMENTATION_COMMENTS = YES;
				CLANG_WARN_EMPTY_BODY = YES;
				CLANG_WARN_ENUM_CONVERSION = YES;
				CLANG_WARN_INFINITE_RECURSION = YES;
				CLANG_WARN_INT_CONVERSION = YES;
				CLANG_WARN_NON_LITERAL_NULL_CONVERSION = YES;
				CLANG_WARN_OBJC_IMPLICIT_RETAIN_SELF = YES;
				CLANG_WARN_OBJC_LITERAL_CONVERSION = YES;
				CLANG_WARN_OBJC_ROOT_CLASS = YES_ERROR;
				CLANG_WARN_QUOTED_INCLUDE_IN_FRAMEWORK_HEADER = YES;
				CLANG_WARN_RANGE_LOOP_ANALYSIS = YES;
				CLANG_WARN_STRICT_PROTOTYPES = YES;
				CLANG_WARN_SUSPICIOUS_MOVE = YES;
				CLANG_WARN_UNGUARDED_AVAILABILITY = YES_AGGRESSIVE;
				CLANG_WARN_UNREACHABLE_CODE = YES;
				CLANG_WARN__DUPLICATE_METHOD_MATCH = YES;
				COPY_PHASE_STRIP = NO;
				DEBUG_INFORMATION_FORMAT = dwarf;
				ENABLE_STRICT_OBJC_MSGSEND = YES;
				ENABLE_TESTABILITY = YES;
				ENABLE_USER_SCRIPT_SANDBOXING = YES;
				GCC_C_LANGUAGE_STANDARD = gnu17;
				GCC_DYNAMIC_NO_PIC = NO;
				GCC_NO_COMMON_BLOCKS = YES;
				GCC_OPTIMIZATION_LEVEL = 0;
				GCC_PREPROCESSOR_DEFINITIONS = (
					"DEBUG=1",
					"$(inherited)",
				);
				GCC_WARN_64_TO_32_BIT_CONVERSION = YES;
				GCC_WARN_ABOUT_RETURN_TYPE = YES_ERROR;
				GCC_WARN_UNDECLARED_SELECTOR = YES;
				GCC_WARN_UNINITIALIZED_AUTOS = YES_AGGRESSIVE;
				GCC_WARN_UNUSED_FUNCTION = YES;
				GCC_WARN_UNUSED_VARIABLE = YES;
				IPHONEOS_DEPLOYMENT_TARGET = 17.5;
				LOCALIZATION_PREFERS_STRING_CATALOGS = YES;
				MTL_ENABLE_DEBUG_INFO = INCLUDE_SOURCE;
				MTL_FAST_MATH = YES;
				ONLY_ACTIVE_ARCH = YES;
				SDKROOT = iphoneos;
				SWIFT_ACTIVE_COMPILATION_CONDITIONS = "DEBUG $(inherited)";
				SWIFT_OPTIMIZATION_LEVEL = "-Onone";
			};
			name = Debug;
		};
		E574D8E92C33040E0017136D /* Release */ = {
			isa = XCBuildConfiguration;
			buildSettings = {
				ALWAYS_SEARCH_USER_PATHS = NO;
				ASSETCATALOG_COMPILER_GENERATE_SWIFT_ASSET_SYMBOL_EXTENSIONS = YES;
				CLANG_ANALYZER_NONNULL = YES;
				CLANG_ANALYZER_NUMBER_OBJECT_CONVERSION = YES_AGGRESSIVE;
				CLANG_CXX_LANGUAGE_STANDARD = "gnu++20";
				CLANG_ENABLE_MODULES = YES;
				CLANG_ENABLE_OBJC_ARC = YES;
				CLANG_ENABLE_OBJC_WEAK = YES;
				CLANG_WARN_BLOCK_CAPTURE_AUTORELEASING = YES;
				CLANG_WARN_BOOL_CONVERSION = YES;
				CLANG_WARN_COMMA = YES;
				CLANG_WARN_CONSTANT_CONVERSION = YES;
				CLANG_WARN_DEPRECATED_OBJC_IMPLEMENTATIONS = YES;
				CLANG_WARN_DIRECT_OBJC_ISA_USAGE = YES_ERROR;
				CLANG_WARN_DOCUMENTATION_COMMENTS = YES;
				CLANG_WARN_EMPTY_BODY = YES;
				CLANG_WARN_ENUM_CONVERSION = YES;
				CLANG_WARN_INFINITE_RECURSION = YES;
				CLANG_WARN_INT_CONVERSION = YES;
				CLANG_WARN_NON_LITERAL_NULL_CONVERSION = YES;
				CLANG_WARN_OBJC_IMPLICIT_RETAIN_SELF = YES;
				CLANG_WARN_OBJC_LITERAL_CONVERSION = YES;
				CLANG_WARN_OBJC_ROOT_CLASS = YES_ERROR;
				CLANG_WARN_QUOTED_INCLUDE_IN_FRAMEWORK_HEADER = YES;
				CLANG_WARN_RANGE_LOOP_ANALYSIS = YES;
				CLANG_WARN_STRICT_PROTOTYPES = YES;
				CLANG_WARN_SUSPICIOUS_MOVE = YES;
				CLANG_WARN_UNGUARDED_AVAILABILITY = YES_AGGRESSIVE;
				CLANG_WARN_UNREACHABLE_CODE = YES;
				CLANG_WARN__DUPLICATE_METHOD_MATCH = YES;
				COPY_PHASE_STRIP = NO;
				DEBUG_INFORMATION_FORMAT = "dwarf-with-dsym";
				ENABLE_NS_ASSERTIONS = NO;
				ENABLE_STRICT_OBJC_MSGSEND = YES;
				ENABLE_USER_SCRIPT_SANDBOXING = YES;
				GCC_C_LANGUAGE_STANDARD = gnu17;
				GCC_NO_COMMON_BLOCKS = YES;
				GCC_WARN_64_TO_32_BIT_CONVERSION = YES;
				GCC_WARN_ABOUT_RETURN_TYPE = YES_ERROR;
				GCC_WARN_UNDECLARED_SELECTOR = YES;
				GCC_WARN_UNINITIALIZED_AUTOS = YES_AGGRESSIVE;
				GCC_WARN_UNUSED_FUNCTION = YES;
				GCC_WARN_UNUSED_VARIABLE = YES;
				IPHONEOS_DEPLOYMENT_TARGET = 17.5;
				LOCALIZATION_PREFERS_STRING_CATALOGS = YES;
				MTL_ENABLE_DEBUG_INFO = NO;
				MTL_FAST_MATH = YES;
				SDKROOT = iphoneos;
				SWIFT_COMPILATION_MODE = wholemodule;
				VALIDATE_PRODUCT = YES;
			};
			name = Release;
		};
		E574D8EB2C33040E0017136D /* Debug */ = {
			isa = XCBuildConfiguration;
			buildSettings = {
				ASSETCATALOG_COMPILER_APPICON_NAME = AppIcon;
				ASSETCATALOG_COMPILER_GLOBAL_ACCENT_COLOR_NAME = AccentColor;
				CODE_SIGN_STYLE = Automatic;
				CURRENT_PROJECT_VERSION = 1;
				DEVELOPMENT_ASSET_PATHS = "\"Tudo List Ios/Preview Content\"";
				DEVELOPMENT_TEAM = 9S9GR29B58;
				ENABLE_PREVIEWS = YES;
				GENERATE_INFOPLIST_FILE = YES;
				INFOPLIST_KEY_UIApplicationSceneManifest_Generation = YES;
				INFOPLIST_KEY_UIApplicationSupportsIndirectInputEvents = YES;
				INFOPLIST_KEY_UILaunchScreen_Generation = YES;
				INFOPLIST_KEY_UISupportedInterfaceOrientations_iPad = "UIInterfaceOrientationPortrait UIInterfaceOrientationPortraitUpsideDown UIInterfaceOrientationLandscapeLeft UIInterfaceOrientationLandscapeRight";
				INFOPLIST_KEY_UISupportedInterfaceOrientations_iPhone = "UIInterfaceOrientationPortrait UIInterfaceOrientationLandscapeLeft UIInterfaceOrientationLandscapeRight";
				LD_RUNPATH_SEARCH_PATHS = (
					"$(inherited)",
					"@executable_path/Frameworks",
				);
				MARKETING_VERSION = 1.0;
				PRODUCT_BUNDLE_IDENTIFIER = "www.-NewsApp.com.Tudo-List-Ios";
				PRODUCT_NAME = "$(TARGET_NAME)";
				SWIFT_EMIT_LOC_STRINGS = YES;
				SWIFT_VERSION = 5.0;
				TARGETED_DEVICE_FAMILY = "1,2";
			};
			name = Debug;
		};
		E574D8EC2C33040E0017136D /* Release */ = {
			isa = XCBuildConfiguration;
			buildSettings = {
				ASSETCATALOG_COMPILER_APPICON_NAME = AppIcon;
				ASSETCATALOG_COMPILER_GLOBAL_ACCENT_COLOR_NAME = AccentColor;
				CODE_SIGN_STYLE = Automatic;
				CURRENT_PROJECT_VERSION = 1;
				DEVELOPMENT_ASSET_PATHS = "\"Tudo List Ios/Preview Content\"";
				DEVELOPMENT_TEAM = 9S9GR29B58;
				ENABLE_PREVIEWS = YES;
				GENERATE_INFOPLIST_FILE = YES;
				INFOPLIST_KEY_UIApplicationSceneManifest_Generation = YES;
				INFOPLIST_KEY_UIApplicationSupportsIndirectInputEvents = YES;
				INFOPLIST_KEY_UILaunchScreen_Generation = YES;
				INFOPLIST_KEY_UISupportedInterfaceOrientations_iPad = "UIInterfaceOrientationPortrait UIInterfaceOrientationPortraitUpsideDown UIInterfaceOrientationLandscapeLeft UIInterfaceOrientationLandscapeRight";
				INFOPLIST_KEY_UISupportedInterfaceOrientations_iPhone = "UIInterfaceOrientationPortrait UIInterfaceOrientationLandscapeLeft UIInterfaceOrientationLandscapeRight";
				LD_RUNPATH_SEARCH_PATHS = (
					"$(inherited)",
					"@executable_path/Frameworks",
				);
				MARKETING_VERSION = 1.0;
				PRODUCT_BUNDLE_IDENTIFIER = "www.-NewsApp.com.Tudo-List-Ios";
				PRODUCT_NAME = "$(TARGET_NAME)";
				SWIFT_EMIT_LOC_STRINGS = YES;
				SWIFT_VERSION = 5.0;
				TARGETED_DEVICE_FAMILY = "1,2";
			};
			name = Release;
		};
		E574D8EE2C33040E0017136D /* Debug */ = {
			isa = XCBuildConfiguration;
			buildSettings = {
				ALWAYS_EMBED_SWIFT_STANDARD_LIBRARIES = YES;
				BUNDLE_LOADER = "$(TEST_HOST)";
				CODE_SIGN_STYLE = Automatic;
				CURRENT_PROJECT_VERSION = 1;
				DEVELOPMENT_TEAM = 9S9GR29B58;
				GENERATE_INFOPLIST_FILE = YES;
				IPHONEOS_DEPLOYMENT_TARGET = 17.5;
				MARKETING_VERSION = 1.0;
				PRODUCT_BUNDLE_IDENTIFIER = "www.-NewsApp.com.Tudo-List-IosTests";
				PRODUCT_NAME = "$(TARGET_NAME)";
				SWIFT_EMIT_LOC_STRINGS = NO;
				SWIFT_VERSION = 5.0;
				TARGETED_DEVICE_FAMILY = "1,2";
				TEST_HOST = "$(BUILT_PRODUCTS_DIR)/Tudo List Ios.app/$(BUNDLE_EXECUTABLE_FOLDER_PATH)/Tudo List Ios";
			};
			name = Debug;
		};
		E574D8EF2C33040E0017136D /* Release */ = {
			isa = XCBuildConfiguration;
			buildSettings = {
				ALWAYS_EMBED_SWIFT_STANDARD_LIBRARIES = YES;
				BUNDLE_LOADER = "$(TEST_HOST)";
				CODE_SIGN_STYLE = Automatic;
				CURRENT_PROJECT_VERSION = 1;
				DEVELOPMENT_TEAM = 9S9GR29B58;
				GENERATE_INFOPLIST_FILE = YES;
				IPHONEOS_DEPLOYMENT_TARGET = 17.5;
				MARKETING_VERSION = 1.0;
				PRODUCT_BUNDLE_IDENTIFIER = "www.-NewsApp.com.Tudo-List-IosTests";
				PRODUCT_NAME = "$(TARGET_NAME)";
				SWIFT_EMIT_LOC_STRINGS = NO;
				SWIFT_VERSION = 5.0;
				TARGETED_DEVICE_FAMILY = "1,2";
				TEST_HOST = "$(BUILT_PRODUCTS_DIR)/Tudo List Ios.app/$(BUNDLE_EXECUTABLE_FOLDER_PATH)/Tudo List Ios";
			};
			name = Release;
		};
		E574D8F12C33040E0017136D /* Debug */ = {
			isa = XCBuildConfiguration;
			buildSettings = {
				ALWAYS_EMBED_SWIFT_STANDARD_LIBRARIES = YES;
				CODE_SIGN_STYLE = Automatic;
				CURRENT_PROJECT_VERSION = 1;
				DEVELOPMENT_TEAM = 9S9GR29B58;
				GENERATE_INFOPLIST_FILE = YES;
				MARKETING_VERSION = 1.0;
				PRODUCT_BUNDLE_IDENTIFIER = "www.-NewsApp.com.Tudo-List-IosUITests";
				PRODUCT_NAME = "$(TARGET_NAME)";
				SWIFT_EMIT_LOC_STRINGS = NO;
				SWIFT_VERSION = 5.0;
				TARGETED_DEVICE_FAMILY = "1,2";
				TEST_TARGET_NAME = "Tudo List Ios";
			};
			name = Debug;
		};
		E574D8F22C33040E0017136D /* Release */ = {
			isa = XCBuildConfiguration;
			buildSettings = {
				ALWAYS_EMBED_SWIFT_STANDARD_LIBRARIES = YES;
				CODE_SIGN_STYLE = Automatic;
				CURRENT_PROJECT_VERSION = 1;
				DEVELOPMENT_TEAM = 9S9GR29B58;
				GENERATE_INFOPLIST_FILE = YES;
				MARKETING_VERSION = 1.0;
				PRODUCT_BUNDLE_IDENTIFIER = "www.-NewsApp.com.Tudo-List-IosUITests";
				PRODUCT_NAME = "$(TARGET_NAME)";
				SWIFT_EMIT_LOC_STRINGS = NO;
				SWIFT_VERSION = 5.0;
				TARGETED_DEVICE_FAMILY = "1,2";
				TEST_TARGET_NAME = "Tudo List Ios";
			};
			name = Release;
		};
/* End XCBuildConfiguration section */

/* Begin XCConfigurationList section */
		E574D8C12C33040C0017136D /* Build configuration list for PBXProject "Tudo List Ios" */ = {
			isa = XCConfigurationList;
			buildConfigurations = (
				E574D8E82C33040E0017136D /* Debug */,
				E574D8E92C33040E0017136D /* Release */,
			);
			defaultConfigurationIsVisible = 0;
			defaultConfigurationName = Release;
		};
		E574D8EA2C33040E0017136D /* Build configuration list for PBXNativeTarget "Tudo List Ios" */ = {
			isa = XCConfigurationList;
			buildConfigurations = (
				E574D8EB2C33040E0017136D /* Debug */,
				E574D8EC2C33040E0017136D /* Release */,
			);
			defaultConfigurationIsVisible = 0;
			defaultConfigurationName = Release;
		};
		E574D8ED2C33040E0017136D /* Build configuration list for PBXNativeTarget "Tudo List IosTests" */ = {
			isa = XCConfigurationList;
			buildConfigurations = (
				E574D8EE2C33040E0017136D /* Debug */,
				E574D8EF2C33040E0017136D /* Release */,
			);
			defaultConfigurationIsVisible = 0;
			defaultConfigurationName = Release;
		};
		E574D8F02C33040E0017136D /* Build configuration list for PBXNativeTarget "Tudo List IosUITests" */ = {
			isa = XCConfigurationList;
			buildConfigurations = (
				E574D8F12C33040E0017136D /* Debug */,
				E574D8F22C33040E0017136D /* Release */,
			);
			defaultConfigurationIsVisible = 0;
			defaultConfigurationName = Release;
		};
/* End XCConfigurationList section */
	};
	rootObject = E574D8BE2C33040C0017136D /* Project object */;
}
